# This file is generated by pnpm
# Please do not edit this file manually

lockfileVersion: '6.0'

settings:
  autoInstallPeers: true
  excludeLinksFromLockfile: false

dependencies:
  '@vueuse/core':
    specifier: ^10.7.0
    version: 10.7.0(vue@3.4.0)
  pinia:
    specifier: ^2.1.7
    version: 2.1.7(typescript@5.3.0)(vue@3.4.0)
  vue:
    specifier: ^3.4.0
    version: 3.4.0(typescript@5.3.0)
  webextension-polyfill:
    specifier: ^0.10.0
    version: 0.10.0

devDependencies:
  '@iconify-json/carbon':
    specifier: ^1.1.0
    version: 1.1.0
  '@iconify-json/mdi':
    specifier: ^1.1.0
    version: 1.1.0
  '@rushstack/eslint-patch':
    specifier: ^1.6.0
    version: 1.6.0
  '@types/node':
    specifier: ^20.10.0
    version: 20.10.0
  '@types/webextension-polyfill':
    specifier: ^0.10.7
    version: 0.10.7
  '@typescript-eslint/eslint-plugin':
    specifier: ^6.14.0
    version: 6.14.0
  '@typescript-eslint/parser':
    specifier: ^6.14.0
    version: 6.14.0
  '@unocss/eslint-config':
    specifier: ^0.58.0
    version: 0.58.0
  '@vitejs/plugin-vue':
    specifier: ^4.5.0
    version: 4.5.0
  '@vitest/coverage-v8':
    specifier: ^1.0.0
    version: 1.0.0
  '@vue/eslint-config-prettier':
    specifier: ^8.0.0
    version: 8.0.0
  '@vue/eslint-config-typescript':
    specifier: ^12.0.0
    version: 12.0.0
  '@vue/test-utils':
    specifier: ^2.4.0
    version: 2.4.0
  archiver:
    specifier: ^6.0.0
    version: 6.0.0
  chokidar:
    specifier: ^3.5.0
    version: 3.5.0
  eslint:
    specifier: ^8.55.0
    version: 8.55.0
  eslint-plugin-vue:
    specifier: ^9.19.0
    version: 9.19.0
  jsdom:
    specifier: ^23.0.0
    version: 23.0.0
  prettier:
    specifier: ^3.1.0
    version: 3.1.0
  typescript:
    specifier: ^5.3.0
    version: 5.3.0
  unocss:
    specifier: ^0.58.0
    version: 0.58.0
  vite:
    specifier: ^5.0.0
    version: 5.0.0
  vite-plugin-web-extension:
    specifier: ^4.1.0
    version: 4.1.0
  vitest:
    specifier: ^1.0.0
    version: 1.0.0
  vue-tsc:
    specifier: ^1.8.0
    version: 1.8.0
